
Microsoft Visual Studio Solution File, Format Version 12.00
# Visual Studio Version 17
VisualStudioVersion = 17.1.32421.90
MinimumVisualStudioVersion = 10.0.40219.1
Project("{FAE04EC0-301F-11D3-BF4B-00C04F79EFBC}") = "ControleDeVendas", "ControleDeVendas\ControleDeVendas.csproj", "{8003FF68-2DAA-44DA-A6DF-8A54133897CF}"
EndProject
Global
	GlobalSection(SolutionConfigurationPlatforms) = preSolution
		Debug|Any CPU = Debug|Any CPU
		Release|Any CPU = Release|Any CPU
	EndGlobalSection
	GlobalSection(ProjectConfigurationPlatforms) = postSolution
		{8003FF68-2DAA-44DA-A6DF-8A54133897CF}.Debug|Any CPU.ActiveCfg = Debug|Any CPU
		{8003FF68-2DAA-44DA-A6DF-8A54133897CF}.Debug|Any CPU.Build.0 = Debug|Any CPU
		{8003FF68-2DAA-44DA-A6DF-8A54133897CF}.Release|Any CPU.ActiveCfg = Release|Any CPU
		{8003FF68-2DAA-44DA-A6DF-8A54133897CF}.Release|Any CPU.Build.0 = Release|Any CPU
	EndGlobalSection
	GlobalSection(SolutionProperties) = preSolution
		HideSolutionNode = FALSE
	EndGlobalSection
	GlobalSection(ExtensibilityGlobals) = postSolution
		SolutionGuid = {182918A4-0899-41BD-A69D-1D1588612120}
	EndGlobalSection
EndGlobal
